#MicroXplorer Configuration settings - do not modify
Mcu.Family=STM32L0
RCC.MSI_VALUE=2097000
ProjectManager.MainLocation=Core/Src
ProjectManager.ProjectFileName=UselessBox.ioc
ProjectManager.KeepUserCode=true
Mcu.UserName=STM32L011F4Px
Mcu.PinsNb=8
ProjectManager.NoMain=false
PA0-CK_IN.Mode=SYS_WakeUp0
RCC.LPUARTFreq_Value=2097000
RCC.PLLCLKFreq_Value=24000000
ProjectManager.functionlistsort=1-MX_GPIO_Init-GPIO-false-LL-true,2-SystemClock_Config-RCC-false-LL-false,3-MX_LPUART1_UART_Init-LPUART1-false-LL-true,4-MX_TIM2_Init-TIM2-false-LL-true
RCC.RTCFreq_Value=37000
LPUART1.WordLength=UART_WORDLENGTH_8B
ProjectManager.DefaultFWLocation=true
RCC.USART2Freq_Value=2097000
NVIC.SVC_IRQn=true\:0\:0\:false\:false\:true\:false\:false
ProjectManager.DeletePrevious=true
PA2.GPIOParameters=GPIO_Label
LPUART1.IPParameters=BaudRate,WordLength,Mode
PinOutPanel.RotationAngle=0
RCC.FamilyName=M
ProjectManager.StackSize=0x400
RCC.WatchDogFreq_Value=37000
PA13.Signal=SYS_SWDIO
Mcu.IP4=TIM2
RCC.HSI16_VALUE=16000000
Mcu.IP2=RCC
Mcu.IP3=SYS
Mcu.IP0=LPUART1
Mcu.IP1=NVIC
Mcu.UserConstants=MAX_DUTY,41940;MIN_DUTY,2082
ProjectManager.TargetToolchain=STM32CubeIDE
Mcu.ThirdPartyNb=0
Mcu.IPNb=5
TIM2.IPParameters=Period,Channel-PWM Generation3 CH3
ProjectManager.PreviousToolchain=
RCC.APB2TimFreq_Value=2097000
Mcu.Pin6=PA14
Mcu.Pin7=VP_SYS_VS_Systick
ProjectManager.RegisterCallBack=
RCC.LSE_VALUE=32768
PA1.Signal=LPUART1_TX
RCC.AHBFreq_Value=2097000
Mcu.Pin0=PA0-CK_IN
PB1.Locked=true
Mcu.Pin1=PA1
Mcu.Pin2=PA2
Mcu.Pin3=PA4
Mcu.Pin4=PB1
Mcu.Pin5=PA13
ProjectManager.ProjectBuild=false
RCC.HSE_VALUE=8000000
board=custom
PA4.Locked=true
RCC.VCOOutputFreq_Value=48000000
NVIC.SysTick_IRQn=true\:0\:0\:false\:false\:true\:false\:true
ProjectManager.LastFirmware=true
ProjectManager.FirmwarePackage=STM32Cube FW_L0 V1.12.0
PA0-CK_IN.Signal=SYS_WKUP1
MxDb.Version=DB.6.0.20
RCC.APB2Freq_Value=2097000
PA1.Mode=Half_duplex(single_wire_mode)
PA1.GPIOParameters=GPIO_Label
ProjectManager.BackupPrevious=false
MxCube.Version=6.2.0
RCC.I2C1Freq_Value=2097000
SH.S_TIM2_CH3.0=TIM2_CH3,PWM Generation3 CH3
PA14.Mode=Serial_Wire
PB1.GPIO_Label=SERVO
File.Version=6
VP_SYS_VS_Systick.Mode=SysTick
PA1.GPIO_Label=TX
TIM2.Channel-PWM\ Generation3\ CH3=TIM_CHANNEL_3
NVIC.NonMaskableInt_IRQn=true\:0\:0\:false\:false\:true\:false\:false
SH.S_TIM2_CH3.ConfNb=1
PA4.GPIOParameters=GPIO_Label
NVIC.PendSV_IRQn=true\:0\:0\:false\:false\:true\:false\:false
TIM2.Period=MAX_DUTY
PA13.Mode=Serial_Wire
ProjectManager.FreePins=false
RCC.IPParameters=AHBFreq_Value,APB1Freq_Value,APB1TimFreq_Value,APB2Freq_Value,APB2TimFreq_Value,FamilyName,HSE_VALUE,HSI16_VALUE,HSI_VALUE,I2C1Freq_Value,LPTIMFreq_Value,LPUARTFreq_Value,LSE_VALUE,LSI_VALUE,MSI_VALUE,PLLCLKFreq_Value,PWRFreq_Value,RTCFreq_Value,RTCHSEDivFreq_Value,SYSCLKFreq_VALUE,TIMFreq_Value,USART2Freq_Value,VCOOutputFreq_Value,WatchDogFreq_Value
ProjectManager.AskForMigrate=true
Mcu.Name=STM32L011F(3-4)Px
ProjectManager.HalAssertFull=false
LPUART1.BaudRate=115200
RCC.RTCHSEDivFreq_Value=4000000
PA2.Signal=S_TIM2_CH3
ProjectManager.ProjectName=UselessBox
ProjectManager.UnderRoot=true
ProjectManager.CoupleFile=true
PA4.Signal=GPIO_Output
RCC.SYSCLKFreq_VALUE=2097000
Mcu.Package=TSSOP20
PB1.Signal=GPIO_Output
NVIC.ForceEnableDMAVector=true
KeepUserPlacement=false
ProjectManager.CompilerOptimize=6
ProjectManager.ToolChainLocation=
RCC.LSI_VALUE=37000
PA2.GPIO_Label=PWM
VP_SYS_VS_Systick.Signal=SYS_VS_Systick
PA14.Signal=SYS_SWCLK
ProjectManager.HeapSize=0x200
NVIC.HardFault_IRQn=true\:0\:0\:false\:false\:true\:false\:false
ProjectManager.ComputerToolchain=false
RCC.HSI_VALUE=16000000
LPUART1.Mode=UART_MODE_TX
RCC.APB1TimFreq_Value=2097000
RCC.PWRFreq_Value=2097000
RCC.APB1Freq_Value=2097000
PA4.GPIO_Label=LED
ProjectManager.CustomerFirmwarePackage=
ProjectManager.DeviceId=STM32L011F4Px
ProjectManager.LibraryCopy=1
RCC.LPTIMFreq_Value=2097000
PB1.GPIOParameters=GPIO_Label
RCC.TIMFreq_Value=2097000
isbadioc=false
